
Microsoft Visual Studio Solution File, Format Version 12.00
# Visual Studio Version 17
VisualStudioVersion = 17.10.34902.84
MinimumVisualStudioVersion = 10.0.40219.1
Project("{FAE04EC0-301F-11D3-BF4B-00C04F79EFBC}") = "GeneradorContrasenaSegura", "GeneradorContrasenaSegura\GeneradorContrasenaSegura.csproj", "{A016C24D-6DF9-45D0-8C3D-0179134BA07F}"
EndProject
Global
	GlobalSection(SolutionConfigurationPlatforms) = preSolution
		Debug|Any CPU = Debug|Any CPU
		Release|Any CPU = Release|Any CPU
	EndGlobalSection
	GlobalSection(ProjectConfigurationPlatforms) = postSolution
		{A016C24D-6DF9-45D0-8C3D-0179134BA07F}.Debug|Any CPU.ActiveCfg = Debug|Any CPU
		{A016C24D-6DF9-45D0-8C3D-0179134BA07F}.Debug|Any CPU.Build.0 = Debug|Any CPU
		{A016C24D-6DF9-45D0-8C3D-0179134BA07F}.Release|Any CPU.ActiveCfg = Release|Any CPU
		{A016C24D-6DF9-45D0-8C3D-0179134BA07F}.Release|Any CPU.Build.0 = Release|Any CPU
	EndGlobalSection
	GlobalSection(SolutionProperties) = preSolution
		HideSolutionNode = FALSE
	EndGlobalSection
	GlobalSection(ExtensibilityGlobals) = postSolution
		SolutionGuid = {F9C22C99-F308-4DD8-90C6-1C3B8BB032F0}
	EndGlobalSection
EndGlobal
