
Microsoft Visual Studio Solution File, Format Version 12.00
# Visual Studio Version 17
VisualStudioVersion = 17.10.34902.84
MinimumVisualStudioVersion = 10.0.40219.1
Project("{FAE04EC0-301F-11D3-BF4B-00C04F79EFBC}") = "CalificacionesEscuela", "CalificacionesEscuela\CalificacionesEscuela.csproj", "{06336B7D-7811-4C0F-A132-F9AD44C504BA}"
EndProject
Global
	GlobalSection(SolutionConfigurationPlatforms) = preSolution
		Debug|Any CPU = Debug|Any CPU
		Release|Any CPU = Release|Any CPU
	EndGlobalSection
	GlobalSection(ProjectConfigurationPlatforms) = postSolution
		{06336B7D-7811-4C0F-A132-F9AD44C504BA}.Debug|Any CPU.ActiveCfg = Debug|Any CPU
		{06336B7D-7811-4C0F-A132-F9AD44C504BA}.Debug|Any CPU.Build.0 = Debug|Any CPU
		{06336B7D-7811-4C0F-A132-F9AD44C504BA}.Release|Any CPU.ActiveCfg = Release|Any CPU
		{06336B7D-7811-4C0F-A132-F9AD44C504BA}.Release|Any CPU.Build.0 = Release|Any CPU
	EndGlobalSection
	GlobalSection(SolutionProperties) = preSolution
		HideSolutionNode = FALSE
	EndGlobalSection
	GlobalSection(ExtensibilityGlobals) = postSolution
		SolutionGuid = {C1A95397-C4E8-4D95-8E02-65C22B8071B6}
	EndGlobalSection
EndGlobal
