
Microsoft Visual Studio Solution File, Format Version 12.00
# Visual Studio Version 17
VisualStudioVersion = 17.10.34902.84
MinimumVisualStudioVersion = 10.0.40219.1
Project("{FAE04EC0-301F-11D3-BF4B-00C04F79EFBC}") = "Palindromo", "Palindromo\Palindromo.csproj", "{0146BD2E-9050-4DD3-ADD5-F32194F06541}"
EndProject
Global
	GlobalSection(SolutionConfigurationPlatforms) = preSolution
		Debug|Any CPU = Debug|Any CPU
		Release|Any CPU = Release|Any CPU
	EndGlobalSection
	GlobalSection(ProjectConfigurationPlatforms) = postSolution
		{0146BD2E-9050-4DD3-ADD5-F32194F06541}.Debug|Any CPU.ActiveCfg = Debug|Any CPU
		{0146BD2E-9050-4DD3-ADD5-F32194F06541}.Debug|Any CPU.Build.0 = Debug|Any CPU
		{0146BD2E-9050-4DD3-ADD5-F32194F06541}.Release|Any CPU.ActiveCfg = Release|Any CPU
		{0146BD2E-9050-4DD3-ADD5-F32194F06541}.Release|Any CPU.Build.0 = Release|Any CPU
	EndGlobalSection
	GlobalSection(SolutionProperties) = preSolution
		HideSolutionNode = FALSE
	EndGlobalSection
	GlobalSection(ExtensibilityGlobals) = postSolution
		SolutionGuid = {863EC60E-8DF1-460A-BB7C-05E53FE5A1D0}
	EndGlobalSection
EndGlobal
